
Microsoft Visual Studio Solution File, Format Version 12.00
# Visual Studio Version 17
VisualStudioVersion = 17.3.32929.385
MinimumVisualStudioVersion = 10.0.40219.1
Project("{FAE04EC0-301F-11D3-BF4B-00C04F79EFBC}") = "MyMovieStore", "MyMovieStore.csproj", "{86AA1AC5-3045-4940-A3FF-59BF4F50F011}"
EndProject
Global
	GlobalSection(SolutionConfigurationPlatforms) = preSolution
		Debug|Any CPU = Debug|Any CPU
		Release|Any CPU = Release|Any CPU
	EndGlobalSection
	GlobalSection(ProjectConfigurationPlatforms) = postSolution
		{86AA1AC5-3045-4940-A3FF-59BF4F50F011}.Debug|Any CPU.ActiveCfg = Debug|Any CPU
		{86AA1AC5-3045-4940-A3FF-59BF4F50F011}.Debug|Any CPU.Build.0 = Debug|Any CPU
		{86AA1AC5-3045-4940-A3FF-59BF4F50F011}.Release|Any CPU.ActiveCfg = Release|Any CPU
		{86AA1AC5-3045-4940-A3FF-59BF4F50F011}.Release|Any CPU.Build.0 = Release|Any CPU
	EndGlobalSection
	GlobalSection(SolutionProperties) = preSolution
		HideSolutionNode = FALSE
	EndGlobalSection
	GlobalSection(ExtensibilityGlobals) = postSolution
		SolutionGuid = {77647C44-BBC8-43D0-9982-4BF801100838}
	EndGlobalSection
EndGlobal
